{
  "name": "@fillkit/demo-hub",
  "version": "1.0.0",
  "lockfileVersion": 3,
  "requires": true,
  "packages": {
    "": {
      "name": "@fillkit/demo-hub",
      "version": "1.0.0",
      "dependencies": {
        "@fillkit/browser": "1.0.2"
      }
    },
    "node_modules/@fillkit/browser": {
      "version": "1.0.2",
      "resolved": "https://registry.npmjs.org/@fillkit/browser/-/browser-1.0.2.tgz",
      "integrity": "sha512-fzPmKXTrcIUKCufrSKIa8dmR/dSAm4XoTVoj5KRqkC0xcxjnGfvdVUd38A6b9NkumOr4FrVHdsMARO/Ag6SNPg==",
      "license": "FillKit Source Available License"
    }
  }
}
