{
  "name": "@fillkit/demo-hub",
  "version": "1.0.0",
  "lockfileVersion": 3,
  "requires": true,
  "packages": {
    "": {
      "name": "@fillkit/demo-hub",
      "version": "1.0.0",
      "hasInstallScript": true,
      "dependencies": {
        "@fillkit/browser": "2.0.0"
      }
    },
    "node_modules/@fillkit/browser": {
      "version": "2.0.0",
      "resolved": "https://registry.npmjs.org/@fillkit/browser/-/browser-2.0.0.tgz",
      "integrity": "sha512-xM+zUe6NAc3JDTc/1kyzmKf3dV40Za21qPflIWli03ZSnBaw7Fw3mGKOlM9gYbyodpXeP09pvCzl5ZTbr9KL/w==",
      "license": "MIT"
    }
  }
}
